// !$*UTF8*$!
{
	archiveVersion = 1;
	classes = {
	};
	objectVersion = 77;
	objects = {

/* Begin PBXBuildFile section */
		8C87661A2CF0F43900991384 /* main.c in Sources */ = {isa = PBXBuildFile; fileRef = 8C8766192CF0F43900991384 /* main.c */; };
		8C87667D2CF7904100991384 /* isn_data.c in Sources */ = {isa = PBXBuildFile; fileRef = 8C87667C2CF7904100991384 /* isn_data.c */; };
		8C8766BC2CF7947600991384 /* liblisc32_isn.dylib in Frameworks */ = {isa = PBXBuildFile; fileRef = 8C8766652CF630DE00991384 /* liblisc32_isn.dylib */; };
		8C8766BD2CF7947600991384 /* liblisc32_isn.dylib in Embed Libraries */ = {isa = PBXBuildFile; fileRef = 8C8766652CF630DE00991384 /* liblisc32_isn.dylib */; settings = {ATTRIBUTES = (CodeSignOnCopy, ); }; };
/* End PBXBuildFile section */

/* Begin PBXCopyFilesBuildPhase section */
		8C8766072CF0F42E00991384 /* CopyFiles */ = {
			isa = PBXCopyFilesBuildPhase;
			buildActionMask = 2147483647;
			dstPath = /usr/share/man/man1/;
			dstSubfolderSpec = 0;
			files = (
			);
			runOnlyForDeploymentPostprocessing = 1;
		};
		8C8766682CF630DE00991384 /* Embed Libraries */ = {
			isa = PBXCopyFilesBuildPhase;
			buildActionMask = 2147483647;
			dstPath = "";
			dstSubfolderSpec = 10;
			files = (
				8C8766BD2CF7947600991384 /* liblisc32_isn.dylib in Embed Libraries */,
			);
			name = "Embed Libraries";
			runOnlyForDeploymentPostprocessing = 0;
		};
/* End PBXCopyFilesBuildPhase section */

/* Begin PBXFileReference section */
		8C8766092CF0F42E00991384 /* lisc32_asm */ = {isa = PBXFileReference; explicitFileType = "compiled.mach-o.executable"; includeInIndex = 0; path = lisc32_asm; sourceTree = BUILT_PRODUCTS_DIR; };
		8C8766192CF0F43900991384 /* main.c */ = {isa = PBXFileReference; lastKnownFileType = sourcecode.c.c; path = main.c; sourceTree = "<group>"; };
		8C8766602CF62F9000991384 /* types.h */ = {isa = PBXFileReference; lastKnownFileType = sourcecode.c.h; path = types.h; sourceTree = "<group>"; };
		8C8766652CF630DE00991384 /* liblisc32_isn.dylib */ = {isa = PBXFileReference; explicitFileType = "compiled.mach-o.dylib"; path = liblisc32_isn.dylib; sourceTree = BUILT_PRODUCTS_DIR; };
		8C87667C2CF7904100991384 /* isn_data.c */ = {isa = PBXFileReference; lastKnownFileType = sourcecode.c.c; path = isn_data.c; sourceTree = "<group>"; };
/* End PBXFileReference section */

/* Begin PBXFileSystemSynchronizedRootGroup section */
		8C8766612CF6300E00991384 /* isn */ = {
			isa = PBXFileSystemSynchronizedRootGroup;
			path = isn;
			sourceTree = "<group>";
		};
		8C8766692CF630F600991384 /* codegen */ = {
			isa = PBXFileSystemSynchronizedRootGroup;
			path = codegen;
			sourceTree = "<group>";
		};
		8C8766BE2CF79E0700991384 /* mkisn */ = {
			isa = PBXFileSystemSynchronizedRootGroup;
			path = mkisn;
			sourceTree = "<group>";
		};
/* End PBXFileSystemSynchronizedRootGroup section */

/* Begin PBXFrameworksBuildPhase section */
		8C8766062CF0F42E00991384 /* Frameworks */ = {
			isa = PBXFrameworksBuildPhase;
			buildActionMask = 2147483647;
			files = (
				8C8766BC2CF7947600991384 /* liblisc32_isn.dylib in Frameworks */,
			);
			runOnlyForDeploymentPostprocessing = 0;
		};
/* End PBXFrameworksBuildPhase section */

/* Begin PBXGroup section */
		8C8766002CF0F42E00991384 = {
			isa = PBXGroup;
			children = (
				8C8766BE2CF79E0700991384 /* mkisn */,
				8C8766692CF630F600991384 /* codegen */,
				8C8766612CF6300E00991384 /* isn */,
				8C8766192CF0F43900991384 /* main.c */,
				8C87667C2CF7904100991384 /* isn_data.c */,
				8C8766602CF62F9000991384 /* types.h */,
				8C8766642CF630DE00991384 /* Frameworks */,
				8C87660A2CF0F42E00991384 /* Products */,
			);
			sourceTree = "<group>";
		};
		8C87660A2CF0F42E00991384 /* Products */ = {
			isa = PBXGroup;
			children = (
				8C8766092CF0F42E00991384 /* lisc32_asm */,
			);
			name = Products;
			sourceTree = "<group>";
		};
		8C8766642CF630DE00991384 /* Frameworks */ = {
			isa = PBXGroup;
			children = (
				8C8766652CF630DE00991384 /* liblisc32_isn.dylib */,
			);
			name = Frameworks;
			sourceTree = "<group>";
		};
/* End PBXGroup section */

/* Begin PBXNativeTarget section */
		8C8766082CF0F42E00991384 /* lisc32_asm */ = {
			isa = PBXNativeTarget;
			buildConfigurationList = 8C8766102CF0F42E00991384 /* Build configuration list for PBXNativeTarget "lisc32_asm" */;
			buildPhases = (
				8C8766052CF0F42E00991384 /* Sources */,
				8C8766062CF0F42E00991384 /* Frameworks */,
				8C8766072CF0F42E00991384 /* CopyFiles */,
				8C8766682CF630DE00991384 /* Embed Libraries */,
			);
			buildRules = (
			);
			dependencies = (
			);
			fileSystemSynchronizedGroups = (
				8C8766612CF6300E00991384 /* isn */,
				8C8766692CF630F600991384 /* codegen */,
				8C8766BE2CF79E0700991384 /* mkisn */,
			);
			name = lisc32_asm;
			packageProductDependencies = (
			);
			productName = lisc32_asm;
			productReference = 8C8766092CF0F42E00991384 /* lisc32_asm */;
			productType = "com.apple.product-type.tool";
		};
/* End PBXNativeTarget section */

/* Begin PBXProject section */
		8C8766012CF0F42E00991384 /* Project object */ = {
			isa = PBXProject;
			attributes = {
				BuildIndependentTargetsInParallel = 1;
				LastUpgradeCheck = 1610;
				TargetAttributes = {
					8C8766082CF0F42E00991384 = {
						CreatedOnToolsVersion = 16.1;
					};
				};
			};
			buildConfigurationList = 8C8766042CF0F42E00991384 /* Build configuration list for PBXProject "lisc32_asm" */;
			developmentRegion = en;
			hasScannedForEncodings = 0;
			knownRegions = (
				en,
				Base,
			);
			mainGroup = 8C8766002CF0F42E00991384;
			minimizedProjectReferenceProxies = 1;
			preferredProjectObjectVersion = 77;
			productRefGroup = 8C87660A2CF0F42E00991384 /* Products */;
			projectDirPath = "";
			projectRoot = "";
			targets = (
				8C8766082CF0F42E00991384 /* lisc32_asm */,
			);
		};
/* End PBXProject section */

/* Begin PBXSourcesBuildPhase section */
		8C8766052CF0F42E00991384 /* Sources */ = {
			isa = PBXSourcesBuildPhase;
			buildActionMask = 2147483647;
			files = (
				8C87661A2CF0F43900991384 /* main.c in Sources */,
				8C87667D2CF7904100991384 /* isn_data.c in Sources */,
			);
			runOnlyForDeploymentPostprocessing = 0;
		};
/* End PBXSourcesBuildPhase section */

/* Begin XCBuildConfiguration section */
		8C87660E2CF0F42E00991384 /* Debug */ = {
			isa = XCBuildConfiguration;
			buildSettings = {
				ALWAYS_SEARCH_USER_PATHS = NO;
				ASSETCATALOG_COMPILER_GENERATE_SWIFT_ASSET_SYMBOL_EXTENSIONS = YES;
				CLANG_ANALYZER_NONNULL = YES;
				CLANG_ANALYZER_NUMBER_OBJECT_CONVERSION = YES_AGGRESSIVE;
				CLANG_CXX_LANGUAGE_STANDARD = "gnu++20";
				CLANG_ENABLE_MODULES = YES;
				CLANG_ENABLE_OBJC_ARC = YES;
				CLANG_ENABLE_OBJC_WEAK = YES;
				CLANG_WARN_BLOCK_CAPTURE_AUTORELEASING = YES;
				CLANG_WARN_BOOL_CONVERSION = YES;
				CLANG_WARN_COMMA = YES;
				CLANG_WARN_CONSTANT_CONVERSION = YES;
				CLANG_WARN_DEPRECATED_OBJC_IMPLEMENTATIONS = YES;
				CLANG_WARN_DIRECT_OBJC_ISA_USAGE = YES_ERROR;
				CLANG_WARN_DOCUMENTATION_COMMENTS = YES;
				CLANG_WARN_EMPTY_BODY = YES;
				CLANG_WARN_ENUM_CONVERSION = YES;
				CLANG_WARN_INFINITE_RECURSION = YES;
				CLANG_WARN_INT_CONVERSION = YES;
				CLANG_WARN_NON_LITERAL_NULL_CONVERSION = YES;
				CLANG_WARN_OBJC_IMPLICIT_RETAIN_SELF = YES;
				CLANG_WARN_OBJC_LITERAL_CONVERSION = YES;
				CLANG_WARN_OBJC_ROOT_CLASS = YES_ERROR;
				CLANG_WARN_QUOTED_INCLUDE_IN_FRAMEWORK_HEADER = YES;
				CLANG_WARN_RANGE_LOOP_ANALYSIS = YES;
				CLANG_WARN_STRICT_PROTOTYPES = YES;
				CLANG_WARN_SUSPICIOUS_MOVE = YES;
				CLANG_WARN_UNGUARDED_AVAILABILITY = YES_AGGRESSIVE;
				CLANG_WARN_UNREACHABLE_CODE = YES;
				CLANG_WARN__DUPLICATE_METHOD_MATCH = YES;
				COPY_PHASE_STRIP = NO;
				DEBUG_INFORMATION_FORMAT = dwarf;
				ENABLE_STRICT_OBJC_MSGSEND = YES;
				ENABLE_TESTABILITY = YES;
				ENABLE_USER_SCRIPT_SANDBOXING = YES;
				GCC_C_LANGUAGE_STANDARD = gnu17;
				GCC_DYNAMIC_NO_PIC = NO;
				GCC_NO_COMMON_BLOCKS = YES;
				GCC_OPTIMIZATION_LEVEL = 0;
				GCC_PREPROCESSOR_DEFINITIONS = (
					"DEBUG=1",
					"$(inherited)",
				);
				GCC_WARN_64_TO_32_BIT_CONVERSION = YES;
				GCC_WARN_ABOUT_RETURN_TYPE = YES_ERROR;
				GCC_WARN_UNDECLARED_SELECTOR = YES;
				GCC_WARN_UNINITIALIZED_AUTOS = YES_AGGRESSIVE;
				GCC_WARN_UNUSED_FUNCTION = YES;
				GCC_WARN_UNUSED_VARIABLE = YES;
				LOCALIZATION_PREFERS_STRING_CATALOGS = YES;
				MACOSX_DEPLOYMENT_TARGET = 15.1;
				MTL_ENABLE_DEBUG_INFO = INCLUDE_SOURCE;
				MTL_FAST_MATH = YES;
				ONLY_ACTIVE_ARCH = YES;
				SDKROOT = macosx;
			};
			name = Debug;
		};
		8C87660F2CF0F42E00991384 /* Release */ = {
			isa = XCBuildConfiguration;
			buildSettings = {
				ALWAYS_SEARCH_USER_PATHS = NO;
				ASSETCATALOG_COMPILER_GENERATE_SWIFT_ASSET_SYMBOL_EXTENSIONS = YES;
				CLANG_ANALYZER_NONNULL = YES;
				CLANG_ANALYZER_NUMBER_OBJECT_CONVERSION = YES_AGGRESSIVE;
				CLANG_CXX_LANGUAGE_STANDARD = "gnu++20";
				CLANG_ENABLE_MODULES = YES;
				CLANG_ENABLE_OBJC_ARC = YES;
				CLANG_ENABLE_OBJC_WEAK = YES;
				CLANG_WARN_BLOCK_CAPTURE_AUTORELEASING = YES;
				CLANG_WARN_BOOL_CONVERSION = YES;
				CLANG_WARN_COMMA = YES;
				CLANG_WARN_CONSTANT_CONVERSION = YES;
				CLANG_WARN_DEPRECATED_OBJC_IMPLEMENTATIONS = YES;
				CLANG_WARN_DIRECT_OBJC_ISA_USAGE = YES_ERROR;
				CLANG_WARN_DOCUMENTATION_COMMENTS = YES;
				CLANG_WARN_EMPTY_BODY = YES;
				CLANG_WARN_ENUM_CONVERSION = YES;
				CLANG_WARN_INFINITE_RECURSION = YES;
				CLANG_WARN_INT_CONVERSION = YES;
				CLANG_WARN_NON_LITERAL_NULL_CONVERSION = YES;
				CLANG_WARN_OBJC_IMPLICIT_RETAIN_SELF = YES;
				CLANG_WARN_OBJC_LITERAL_CONVERSION = YES;
				CLANG_WARN_OBJC_ROOT_CLASS = YES_ERROR;
				CLANG_WARN_QUOTED_INCLUDE_IN_FRAMEWORK_HEADER = YES;
				CLANG_WARN_RANGE_LOOP_ANALYSIS = YES;
				CLANG_WARN_STRICT_PROTOTYPES = YES;
				CLANG_WARN_SUSPICIOUS_MOVE = YES;
				CLANG_WARN_UNGUARDED_AVAILABILITY = YES_AGGRESSIVE;
				CLANG_WARN_UNREACHABLE_CODE = YES;
				CLANG_WARN__DUPLICATE_METHOD_MATCH = YES;
				COPY_PHASE_STRIP = NO;
				DEBUG_INFORMATION_FORMAT = "dwarf-with-dsym";
				ENABLE_NS_ASSERTIONS = NO;
				ENABLE_STRICT_OBJC_MSGSEND = YES;
				ENABLE_USER_SCRIPT_SANDBOXING = YES;
				GCC_C_LANGUAGE_STANDARD = gnu17;
				GCC_NO_COMMON_BLOCKS = YES;
				GCC_WARN_64_TO_32_BIT_CONVERSION = YES;
				GCC_WARN_ABOUT_RETURN_TYPE = YES_ERROR;
				GCC_WARN_UNDECLARED_SELECTOR = YES;
				GCC_WARN_UNINITIALIZED_AUTOS = YES_AGGRESSIVE;
				GCC_WARN_UNUSED_FUNCTION = YES;
				GCC_WARN_UNUSED_VARIABLE = YES;
				LOCALIZATION_PREFERS_STRING_CATALOGS = YES;
				MACOSX_DEPLOYMENT_TARGET = 15.1;
				MTL_ENABLE_DEBUG_INFO = NO;
				MTL_FAST_MATH = YES;
				SDKROOT = macosx;
			};
			name = Release;
		};
		8C8766112CF0F42E00991384 /* Debug */ = {
			isa = XCBuildConfiguration;
			buildSettings = {
				CODE_SIGN_STYLE = Automatic;
				PRODUCT_NAME = "$(TARGET_NAME)";
			};
			name = Debug;
		};
		8C8766122CF0F42E00991384 /* Release */ = {
			isa = XCBuildConfiguration;
			buildSettings = {
				CODE_SIGN_STYLE = Automatic;
				PRODUCT_NAME = "$(TARGET_NAME)";
			};
			name = Release;
		};
/* End XCBuildConfiguration section */

/* Begin XCConfigurationList section */
		8C8766042CF0F42E00991384 /* Build configuration list for PBXProject "lisc32_asm" */ = {
			isa = XCConfigurationList;
			buildConfigurations = (
				8C87660E2CF0F42E00991384 /* Debug */,
				8C87660F2CF0F42E00991384 /* Release */,
			);
			defaultConfigurationIsVisible = 0;
			defaultConfigurationName = Release;
		};
		8C8766102CF0F42E00991384 /* Build configuration list for PBXNativeTarget "lisc32_asm" */ = {
			isa = XCConfigurationList;
			buildConfigurations = (
				8C8766112CF0F42E00991384 /* Debug */,
				8C8766122CF0F42E00991384 /* Release */,
			);
			defaultConfigurationIsVisible = 0;
			defaultConfigurationName = Release;
		};
/* End XCConfigurationList section */
	};
	rootObject = 8C8766012CF0F42E00991384 /* Project object */;
}
